
Microsoft Visual Studio Solution File, Format Version 12.00
# Visual Studio Version 17
VisualStudioVersion = 17.11.35312.102
MinimumVisualStudioVersion = 10.0.40219.1
Project("{2150E333-8FDC-42A3-9474-1A3956D46DE8}") = "01.StacksAndQueues", "01.StacksAndQueues", "{78428554-271D-4FFD-BAE9-9DFC0D2A1F24}"
EndProject
Project("{8BC9CEB8-8B4A-11D0-8D11-00A0C91BC942}") = "ReverseString", "01.StacksAndQueues\ReverseString\ReverseString.vcxproj", "{33AC49FB-4440-41C2-BA43-F04DEF82C30C}"
EndProject
Project("{8BC9CEB8-8B4A-11D0-8D11-00A0C91BC942}") = "StackSum", "01.StacksAndQueues\StackSum\StackSum.vcxproj", "{40460998-E5D4-4EB0-A43C-F32D71A3DD7F}"
EndProject
Project("{8BC9CEB8-8B4A-11D0-8D11-00A0C91BC942}") = "SimpleCalculator", "01.StacksAndQueues\SimpleCalculator\SimpleCalculator.vcxproj", "{9334095A-0927-44C9-85E8-4DBAD2F5752D}"
EndProject
Project("{8BC9CEB8-8B4A-11D0-8D11-00A0C91BC942}") = "MatchingBrackets", "01.StacksAndQueues\MatchingBrackets\MatchingBrackets.vcxproj", "{5C3E2DB9-982F-4AF1-9764-BEE731E2D532}"
EndProject
Global
	GlobalSection(SolutionConfigurationPlatforms) = preSolution
		Debug|ARM64 = Debug|ARM64
		Debug|x64 = Debug|x64
		Debug|x86 = Debug|x86
		Release|ARM64 = Release|ARM64
		Release|x64 = Release|x64
		Release|x86 = Release|x86
	EndGlobalSection
	GlobalSection(ProjectConfigurationPlatforms) = postSolution
		{33AC49FB-4440-41C2-BA43-F04DEF82C30C}.Debug|ARM64.ActiveCfg = Debug|ARM64
		{33AC49FB-4440-41C2-BA43-F04DEF82C30C}.Debug|ARM64.Build.0 = Debug|ARM64
		{33AC49FB-4440-41C2-BA43-F04DEF82C30C}.Debug|x64.ActiveCfg = Debug|x64
		{33AC49FB-4440-41C2-BA43-F04DEF82C30C}.Debug|x64.Build.0 = Debug|x64
		{33AC49FB-4440-41C2-BA43-F04DEF82C30C}.Debug|x86.ActiveCfg = Debug|Win32
		{33AC49FB-4440-41C2-BA43-F04DEF82C30C}.Debug|x86.Build.0 = Debug|Win32
		{33AC49FB-4440-41C2-BA43-F04DEF82C30C}.Release|ARM64.ActiveCfg = Release|ARM64
		{33AC49FB-4440-41C2-BA43-F04DEF82C30C}.Release|ARM64.Build.0 = Release|ARM64
		{33AC49FB-4440-41C2-BA43-F04DEF82C30C}.Release|x64.ActiveCfg = Release|x64
		{33AC49FB-4440-41C2-BA43-F04DEF82C30C}.Release|x64.Build.0 = Release|x64
		{33AC49FB-4440-41C2-BA43-F04DEF82C30C}.Release|x86.ActiveCfg = Release|Win32
		{33AC49FB-4440-41C2-BA43-F04DEF82C30C}.Release|x86.Build.0 = Release|Win32
		{40460998-E5D4-4EB0-A43C-F32D71A3DD7F}.Debug|ARM64.ActiveCfg = Debug|ARM64
		{40460998-E5D4-4EB0-A43C-F32D71A3DD7F}.Debug|ARM64.Build.0 = Debug|ARM64
		{40460998-E5D4-4EB0-A43C-F32D71A3DD7F}.Debug|x64.ActiveCfg = Debug|x64
		{40460998-E5D4-4EB0-A43C-F32D71A3DD7F}.Debug|x64.Build.0 = Debug|x64
		{40460998-E5D4-4EB0-A43C-F32D71A3DD7F}.Debug|x86.ActiveCfg = Debug|Win32
		{40460998-E5D4-4EB0-A43C-F32D71A3DD7F}.Debug|x86.Build.0 = Debug|Win32
		{40460998-E5D4-4EB0-A43C-F32D71A3DD7F}.Release|ARM64.ActiveCfg = Release|ARM64
		{40460998-E5D4-4EB0-A43C-F32D71A3DD7F}.Release|ARM64.Build.0 = Release|ARM64
		{40460998-E5D4-4EB0-A43C-F32D71A3DD7F}.Release|x64.ActiveCfg = Release|x64
		{40460998-E5D4-4EB0-A43C-F32D71A3DD7F}.Release|x64.Build.0 = Release|x64
		{40460998-E5D4-4EB0-A43C-F32D71A3DD7F}.Release|x86.ActiveCfg = Release|Win32
		{40460998-E5D4-4EB0-A43C-F32D71A3DD7F}.Release|x86.Build.0 = Release|Win32
		{9334095A-0927-44C9-85E8-4DBAD2F5752D}.Debug|ARM64.ActiveCfg = Debug|ARM64
		{9334095A-0927-44C9-85E8-4DBAD2F5752D}.Debug|ARM64.Build.0 = Debug|ARM64
		{9334095A-0927-44C9-85E8-4DBAD2F5752D}.Debug|x64.ActiveCfg = Debug|x64
		{9334095A-0927-44C9-85E8-4DBAD2F5752D}.Debug|x64.Build.0 = Debug|x64
		{9334095A-0927-44C9-85E8-4DBAD2F5752D}.Debug|x86.ActiveCfg = Debug|Win32
		{9334095A-0927-44C9-85E8-4DBAD2F5752D}.Debug|x86.Build.0 = Debug|Win32
		{9334095A-0927-44C9-85E8-4DBAD2F5752D}.Release|ARM64.ActiveCfg = Release|ARM64
		{9334095A-0927-44C9-85E8-4DBAD2F5752D}.Release|ARM64.Build.0 = Release|ARM64
		{9334095A-0927-44C9-85E8-4DBAD2F5752D}.Release|x64.ActiveCfg = Release|x64
		{9334095A-0927-44C9-85E8-4DBAD2F5752D}.Release|x64.Build.0 = Release|x64
		{9334095A-0927-44C9-85E8-4DBAD2F5752D}.Release|x86.ActiveCfg = Release|Win32
		{9334095A-0927-44C9-85E8-4DBAD2F5752D}.Release|x86.Build.0 = Release|Win32
		{5C3E2DB9-982F-4AF1-9764-BEE731E2D532}.Debug|ARM64.ActiveCfg = Debug|ARM64
		{5C3E2DB9-982F-4AF1-9764-BEE731E2D532}.Debug|ARM64.Build.0 = Debug|ARM64
		{5C3E2DB9-982F-4AF1-9764-BEE731E2D532}.Debug|x64.ActiveCfg = Debug|x64
		{5C3E2DB9-982F-4AF1-9764-BEE731E2D532}.Debug|x64.Build.0 = Debug|x64
		{5C3E2DB9-982F-4AF1-9764-BEE731E2D532}.Debug|x86.ActiveCfg = Debug|Win32
		{5C3E2DB9-982F-4AF1-9764-BEE731E2D532}.Debug|x86.Build.0 = Debug|Win32
		{5C3E2DB9-982F-4AF1-9764-BEE731E2D532}.Release|ARM64.ActiveCfg = Release|ARM64
		{5C3E2DB9-982F-4AF1-9764-BEE731E2D532}.Release|ARM64.Build.0 = Release|ARM64
		{5C3E2DB9-982F-4AF1-9764-BEE731E2D532}.Release|x64.ActiveCfg = Release|x64
		{5C3E2DB9-982F-4AF1-9764-BEE731E2D532}.Release|x64.Build.0 = Release|x64
		{5C3E2DB9-982F-4AF1-9764-BEE731E2D532}.Release|x86.ActiveCfg = Release|Win32
		{5C3E2DB9-982F-4AF1-9764-BEE731E2D532}.Release|x86.Build.0 = Release|Win32
	EndGlobalSection
	GlobalSection(SolutionProperties) = preSolution
		HideSolutionNode = FALSE
	EndGlobalSection
	GlobalSection(NestedProjects) = preSolution
		{33AC49FB-4440-41C2-BA43-F04DEF82C30C} = {78428554-271D-4FFD-BAE9-9DFC0D2A1F24}
		{40460998-E5D4-4EB0-A43C-F32D71A3DD7F} = {78428554-271D-4FFD-BAE9-9DFC0D2A1F24}
		{9334095A-0927-44C9-85E8-4DBAD2F5752D} = {78428554-271D-4FFD-BAE9-9DFC0D2A1F24}
		{5C3E2DB9-982F-4AF1-9764-BEE731E2D532} = {78428554-271D-4FFD-BAE9-9DFC0D2A1F24}
	EndGlobalSection
	GlobalSection(ExtensibilityGlobals) = postSolution
		SolutionGuid = {845C203C-CA67-46B6-9F90-952469F72177}
	EndGlobalSection
EndGlobal
