
Microsoft Visual Studio Solution File, Format Version 12.00
# Visual Studio Version 17
VisualStudioVersion = 17.11.35312.102
MinimumVisualStudioVersion = 10.0.40219.1
Project("{2150E333-8FDC-42A3-9474-1A3956D46DE8}") = "01.StacksAndQueues", "01.StacksAndQueues", "{78428554-271D-4FFD-BAE9-9DFC0D2A1F24}"
EndProject
Project("{8BC9CEB8-8B4A-11D0-8D11-00A0C91BC942}") = "ReverseString", "01.StacksAndQueues\ReverseString\ReverseString.vcxproj", "{33AC49FB-4440-41C2-BA43-F04DEF82C30C}"
EndProject
Project("{8BC9CEB8-8B4A-11D0-8D11-00A0C91BC942}") = "StackSum", "01.StacksAndQueues\StackSum\StackSum.vcxproj", "{40460998-E5D4-4EB0-A43C-F32D71A3DD7F}"
EndProject
Project("{8BC9CEB8-8B4A-11D0-8D11-00A0C91BC942}") = "SimpleCalculator", "01.StacksAndQueues\SimpleCalculator\SimpleCalculator.vcxproj", "{9334095A-0927-44C9-85E8-4DBAD2F5752D}"
EndProject
Project("{8BC9CEB8-8B4A-11D0-8D11-00A0C91BC942}") = "MatchingBrackets", "01.StacksAndQueues\MatchingBrackets\MatchingBrackets.vcxproj", "{5C3E2DB9-982F-4AF1-9764-BEE731E2D532}"
EndProject
Project("{8BC9CEB8-8B4A-11D0-8D11-00A0C91BC942}") = "PrintEvenNumbers", "01.StacksAndQueues\PrintEvenNumbers\PrintEvenNumbers.vcxproj", "{718D4057-C666-4000-A7C6-0FC3869754E2}"
EndProject
Project("{8BC9CEB8-8B4A-11D0-8D11-00A0C91BC942}") = "Supermarket", "01.StacksAndQueues\Supermarket\Supermarket.vcxproj", "{826B8A3B-F0A0-46D3-8D2C-A421A7AC9D0A}"
EndProject
Project("{8BC9CEB8-8B4A-11D0-8D11-00A0C91BC942}") = "HotPotato", "01.StacksAndQueues\HotPotato\HotPotato.vcxproj", "{19E65E7E-00A1-4771-AE5E-38B1DF95D599}"
EndProject
Project("{8BC9CEB8-8B4A-11D0-8D11-00A0C91BC942}") = "BasicStackOperations", "01.StacksAndQueues\BasicStackOperations\BasicStackOperations.vcxproj", "{80E0E8B8-9BAD-446F-A1ED-28D8661A1E9B}"
EndProject
Project("{8BC9CEB8-8B4A-11D0-8D11-00A0C91BC942}") = "BasicQueueOperations", "01.StacksAndQueues\BasicQueueOperations\BasicQueueOperations.vcxproj", "{CEFD64F6-60EF-4D83-8863-CC122F612B43}"
EndProject
Project("{8BC9CEB8-8B4A-11D0-8D11-00A0C91BC942}") = "MaximumAndMinimumElement", "01.StacksAndQueues\MaximumAndMinimumElement\MaximumAndMinimumElement.vcxproj", "{2AB40DA6-26CE-4894-83CB-F2E448092D87}"
EndProject
Project("{8BC9CEB8-8B4A-11D0-8D11-00A0C91BC942}") = "FastFood", "01.StacksAndQueues\FastFood\FastFood.vcxproj", "{A162BC96-AD58-44B9-9CA0-D92CDC73423E}"
EndProject
Project("{8BC9CEB8-8B4A-11D0-8D11-00A0C91BC942}") = "FashionBotique", "01.StacksAndQueues\FashionBotique\FashionBotique.vcxproj", "{B91ACF6F-3465-4F4C-B78B-7F7103E420C9}"
EndProject
Project("{8BC9CEB8-8B4A-11D0-8D11-00A0C91BC942}") = "TruckTour", "01.StacksAndQueues\TruckTour\TruckTour.vcxproj", "{0BCE74FD-2F17-4B5B-9B6A-11F4F8A5913D}"
EndProject
Global
	GlobalSection(SolutionConfigurationPlatforms) = preSolution
		Debug|ARM64 = Debug|ARM64
		Debug|x64 = Debug|x64
		Debug|x86 = Debug|x86
		Release|ARM64 = Release|ARM64
		Release|x64 = Release|x64
		Release|x86 = Release|x86
	EndGlobalSection
	GlobalSection(ProjectConfigurationPlatforms) = postSolution
		{33AC49FB-4440-41C2-BA43-F04DEF82C30C}.Debug|ARM64.ActiveCfg = Debug|ARM64
		{33AC49FB-4440-41C2-BA43-F04DEF82C30C}.Debug|ARM64.Build.0 = Debug|ARM64
		{33AC49FB-4440-41C2-BA43-F04DEF82C30C}.Debug|x64.ActiveCfg = Debug|x64
		{33AC49FB-4440-41C2-BA43-F04DEF82C30C}.Debug|x64.Build.0 = Debug|x64
		{33AC49FB-4440-41C2-BA43-F04DEF82C30C}.Debug|x86.ActiveCfg = Debug|Win32
		{33AC49FB-4440-41C2-BA43-F04DEF82C30C}.Debug|x86.Build.0 = Debug|Win32
		{33AC49FB-4440-41C2-BA43-F04DEF82C30C}.Release|ARM64.ActiveCfg = Release|ARM64
		{33AC49FB-4440-41C2-BA43-F04DEF82C30C}.Release|ARM64.Build.0 = Release|ARM64
		{33AC49FB-4440-41C2-BA43-F04DEF82C30C}.Release|x64.ActiveCfg = Release|x64
		{33AC49FB-4440-41C2-BA43-F04DEF82C30C}.Release|x64.Build.0 = Release|x64
		{33AC49FB-4440-41C2-BA43-F04DEF82C30C}.Release|x86.ActiveCfg = Release|Win32
		{33AC49FB-4440-41C2-BA43-F04DEF82C30C}.Release|x86.Build.0 = Release|Win32
		{40460998-E5D4-4EB0-A43C-F32D71A3DD7F}.Debug|ARM64.ActiveCfg = Debug|ARM64
		{40460998-E5D4-4EB0-A43C-F32D71A3DD7F}.Debug|ARM64.Build.0 = Debug|ARM64
		{40460998-E5D4-4EB0-A43C-F32D71A3DD7F}.Debug|x64.ActiveCfg = Debug|x64
		{40460998-E5D4-4EB0-A43C-F32D71A3DD7F}.Debug|x64.Build.0 = Debug|x64
		{40460998-E5D4-4EB0-A43C-F32D71A3DD7F}.Debug|x86.ActiveCfg = Debug|Win32
		{40460998-E5D4-4EB0-A43C-F32D71A3DD7F}.Debug|x86.Build.0 = Debug|Win32
		{40460998-E5D4-4EB0-A43C-F32D71A3DD7F}.Release|ARM64.ActiveCfg = Release|ARM64
		{40460998-E5D4-4EB0-A43C-F32D71A3DD7F}.Release|ARM64.Build.0 = Release|ARM64
		{40460998-E5D4-4EB0-A43C-F32D71A3DD7F}.Release|x64.ActiveCfg = Release|x64
		{40460998-E5D4-4EB0-A43C-F32D71A3DD7F}.Release|x64.Build.0 = Release|x64
		{40460998-E5D4-4EB0-A43C-F32D71A3DD7F}.Release|x86.ActiveCfg = Release|Win32
		{40460998-E5D4-4EB0-A43C-F32D71A3DD7F}.Release|x86.Build.0 = Release|Win32
		{9334095A-0927-44C9-85E8-4DBAD2F5752D}.Debug|ARM64.ActiveCfg = Debug|ARM64
		{9334095A-0927-44C9-85E8-4DBAD2F5752D}.Debug|ARM64.Build.0 = Debug|ARM64
		{9334095A-0927-44C9-85E8-4DBAD2F5752D}.Debug|x64.ActiveCfg = Debug|x64
		{9334095A-0927-44C9-85E8-4DBAD2F5752D}.Debug|x64.Build.0 = Debug|x64
		{9334095A-0927-44C9-85E8-4DBAD2F5752D}.Debug|x86.ActiveCfg = Debug|Win32
		{9334095A-0927-44C9-85E8-4DBAD2F5752D}.Debug|x86.Build.0 = Debug|Win32
		{9334095A-0927-44C9-85E8-4DBAD2F5752D}.Release|ARM64.ActiveCfg = Release|ARM64
		{9334095A-0927-44C9-85E8-4DBAD2F5752D}.Release|ARM64.Build.0 = Release|ARM64
		{9334095A-0927-44C9-85E8-4DBAD2F5752D}.Release|x64.ActiveCfg = Release|x64
		{9334095A-0927-44C9-85E8-4DBAD2F5752D}.Release|x64.Build.0 = Release|x64
		{9334095A-0927-44C9-85E8-4DBAD2F5752D}.Release|x86.ActiveCfg = Release|Win32
		{9334095A-0927-44C9-85E8-4DBAD2F5752D}.Release|x86.Build.0 = Release|Win32
		{5C3E2DB9-982F-4AF1-9764-BEE731E2D532}.Debug|ARM64.ActiveCfg = Debug|ARM64
		{5C3E2DB9-982F-4AF1-9764-BEE731E2D532}.Debug|ARM64.Build.0 = Debug|ARM64
		{5C3E2DB9-982F-4AF1-9764-BEE731E2D532}.Debug|x64.ActiveCfg = Debug|x64
		{5C3E2DB9-982F-4AF1-9764-BEE731E2D532}.Debug|x64.Build.0 = Debug|x64
		{5C3E2DB9-982F-4AF1-9764-BEE731E2D532}.Debug|x86.ActiveCfg = Debug|Win32
		{5C3E2DB9-982F-4AF1-9764-BEE731E2D532}.Debug|x86.Build.0 = Debug|Win32
		{5C3E2DB9-982F-4AF1-9764-BEE731E2D532}.Release|ARM64.ActiveCfg = Release|ARM64
		{5C3E2DB9-982F-4AF1-9764-BEE731E2D532}.Release|ARM64.Build.0 = Release|ARM64
		{5C3E2DB9-982F-4AF1-9764-BEE731E2D532}.Release|x64.ActiveCfg = Release|x64
		{5C3E2DB9-982F-4AF1-9764-BEE731E2D532}.Release|x64.Build.0 = Release|x64
		{5C3E2DB9-982F-4AF1-9764-BEE731E2D532}.Release|x86.ActiveCfg = Release|Win32
		{5C3E2DB9-982F-4AF1-9764-BEE731E2D532}.Release|x86.Build.0 = Release|Win32
		{718D4057-C666-4000-A7C6-0FC3869754E2}.Debug|ARM64.ActiveCfg = Debug|ARM64
		{718D4057-C666-4000-A7C6-0FC3869754E2}.Debug|ARM64.Build.0 = Debug|ARM64
		{718D4057-C666-4000-A7C6-0FC3869754E2}.Debug|x64.ActiveCfg = Debug|x64
		{718D4057-C666-4000-A7C6-0FC3869754E2}.Debug|x64.Build.0 = Debug|x64
		{718D4057-C666-4000-A7C6-0FC3869754E2}.Debug|x86.ActiveCfg = Debug|Win32
		{718D4057-C666-4000-A7C6-0FC3869754E2}.Debug|x86.Build.0 = Debug|Win32
		{718D4057-C666-4000-A7C6-0FC3869754E2}.Release|ARM64.ActiveCfg = Release|ARM64
		{718D4057-C666-4000-A7C6-0FC3869754E2}.Release|ARM64.Build.0 = Release|ARM64
		{718D4057-C666-4000-A7C6-0FC3869754E2}.Release|x64.ActiveCfg = Release|x64
		{718D4057-C666-4000-A7C6-0FC3869754E2}.Release|x64.Build.0 = Release|x64
		{718D4057-C666-4000-A7C6-0FC3869754E2}.Release|x86.ActiveCfg = Release|Win32
		{718D4057-C666-4000-A7C6-0FC3869754E2}.Release|x86.Build.0 = Release|Win32
		{826B8A3B-F0A0-46D3-8D2C-A421A7AC9D0A}.Debug|ARM64.ActiveCfg = Debug|ARM64
		{826B8A3B-F0A0-46D3-8D2C-A421A7AC9D0A}.Debug|ARM64.Build.0 = Debug|ARM64
		{826B8A3B-F0A0-46D3-8D2C-A421A7AC9D0A}.Debug|x64.ActiveCfg = Debug|x64
		{826B8A3B-F0A0-46D3-8D2C-A421A7AC9D0A}.Debug|x64.Build.0 = Debug|x64
		{826B8A3B-F0A0-46D3-8D2C-A421A7AC9D0A}.Debug|x86.ActiveCfg = Debug|Win32
		{826B8A3B-F0A0-46D3-8D2C-A421A7AC9D0A}.Debug|x86.Build.0 = Debug|Win32
		{826B8A3B-F0A0-46D3-8D2C-A421A7AC9D0A}.Release|ARM64.ActiveCfg = Release|ARM64
		{826B8A3B-F0A0-46D3-8D2C-A421A7AC9D0A}.Release|ARM64.Build.0 = Release|ARM64
		{826B8A3B-F0A0-46D3-8D2C-A421A7AC9D0A}.Release|x64.ActiveCfg = Release|x64
		{826B8A3B-F0A0-46D3-8D2C-A421A7AC9D0A}.Release|x64.Build.0 = Release|x64
		{826B8A3B-F0A0-46D3-8D2C-A421A7AC9D0A}.Release|x86.ActiveCfg = Release|Win32
		{826B8A3B-F0A0-46D3-8D2C-A421A7AC9D0A}.Release|x86.Build.0 = Release|Win32
		{19E65E7E-00A1-4771-AE5E-38B1DF95D599}.Debug|ARM64.ActiveCfg = Debug|ARM64
		{19E65E7E-00A1-4771-AE5E-38B1DF95D599}.Debug|ARM64.Build.0 = Debug|ARM64
		{19E65E7E-00A1-4771-AE5E-38B1DF95D599}.Debug|x64.ActiveCfg = Debug|x64
		{19E65E7E-00A1-4771-AE5E-38B1DF95D599}.Debug|x64.Build.0 = Debug|x64
		{19E65E7E-00A1-4771-AE5E-38B1DF95D599}.Debug|x86.ActiveCfg = Debug|Win32
		{19E65E7E-00A1-4771-AE5E-38B1DF95D599}.Debug|x86.Build.0 = Debug|Win32
		{19E65E7E-00A1-4771-AE5E-38B1DF95D599}.Release|ARM64.ActiveCfg = Release|ARM64
		{19E65E7E-00A1-4771-AE5E-38B1DF95D599}.Release|ARM64.Build.0 = Release|ARM64
		{19E65E7E-00A1-4771-AE5E-38B1DF95D599}.Release|x64.ActiveCfg = Release|x64
		{19E65E7E-00A1-4771-AE5E-38B1DF95D599}.Release|x64.Build.0 = Release|x64
		{19E65E7E-00A1-4771-AE5E-38B1DF95D599}.Release|x86.ActiveCfg = Release|Win32
		{19E65E7E-00A1-4771-AE5E-38B1DF95D599}.Release|x86.Build.0 = Release|Win32
		{80E0E8B8-9BAD-446F-A1ED-28D8661A1E9B}.Debug|ARM64.ActiveCfg = Debug|ARM64
		{80E0E8B8-9BAD-446F-A1ED-28D8661A1E9B}.Debug|ARM64.Build.0 = Debug|ARM64
		{80E0E8B8-9BAD-446F-A1ED-28D8661A1E9B}.Debug|x64.ActiveCfg = Debug|x64
		{80E0E8B8-9BAD-446F-A1ED-28D8661A1E9B}.Debug|x64.Build.0 = Debug|x64
		{80E0E8B8-9BAD-446F-A1ED-28D8661A1E9B}.Debug|x86.ActiveCfg = Debug|Win32
		{80E0E8B8-9BAD-446F-A1ED-28D8661A1E9B}.Debug|x86.Build.0 = Debug|Win32
		{80E0E8B8-9BAD-446F-A1ED-28D8661A1E9B}.Release|ARM64.ActiveCfg = Release|ARM64
		{80E0E8B8-9BAD-446F-A1ED-28D8661A1E9B}.Release|ARM64.Build.0 = Release|ARM64
		{80E0E8B8-9BAD-446F-A1ED-28D8661A1E9B}.Release|x64.ActiveCfg = Release|x64
		{80E0E8B8-9BAD-446F-A1ED-28D8661A1E9B}.Release|x64.Build.0 = Release|x64
		{80E0E8B8-9BAD-446F-A1ED-28D8661A1E9B}.Release|x86.ActiveCfg = Release|Win32
		{80E0E8B8-9BAD-446F-A1ED-28D8661A1E9B}.Release|x86.Build.0 = Release|Win32
		{CEFD64F6-60EF-4D83-8863-CC122F612B43}.Debug|ARM64.ActiveCfg = Debug|ARM64
		{CEFD64F6-60EF-4D83-8863-CC122F612B43}.Debug|ARM64.Build.0 = Debug|ARM64
		{CEFD64F6-60EF-4D83-8863-CC122F612B43}.Debug|x64.ActiveCfg = Debug|x64
		{CEFD64F6-60EF-4D83-8863-CC122F612B43}.Debug|x64.Build.0 = Debug|x64
		{CEFD64F6-60EF-4D83-8863-CC122F612B43}.Debug|x86.ActiveCfg = Debug|Win32
		{CEFD64F6-60EF-4D83-8863-CC122F612B43}.Debug|x86.Build.0 = Debug|Win32
		{CEFD64F6-60EF-4D83-8863-CC122F612B43}.Release|ARM64.ActiveCfg = Release|ARM64
		{CEFD64F6-60EF-4D83-8863-CC122F612B43}.Release|ARM64.Build.0 = Release|ARM64
		{CEFD64F6-60EF-4D83-8863-CC122F612B43}.Release|x64.ActiveCfg = Release|x64
		{CEFD64F6-60EF-4D83-8863-CC122F612B43}.Release|x64.Build.0 = Release|x64
		{CEFD64F6-60EF-4D83-8863-CC122F612B43}.Release|x86.ActiveCfg = Release|Win32
		{CEFD64F6-60EF-4D83-8863-CC122F612B43}.Release|x86.Build.0 = Release|Win32
		{2AB40DA6-26CE-4894-83CB-F2E448092D87}.Debug|ARM64.ActiveCfg = Debug|ARM64
		{2AB40DA6-26CE-4894-83CB-F2E448092D87}.Debug|ARM64.Build.0 = Debug|ARM64
		{2AB40DA6-26CE-4894-83CB-F2E448092D87}.Debug|x64.ActiveCfg = Debug|x64
		{2AB40DA6-26CE-4894-83CB-F2E448092D87}.Debug|x64.Build.0 = Debug|x64
		{2AB40DA6-26CE-4894-83CB-F2E448092D87}.Debug|x86.ActiveCfg = Debug|Win32
		{2AB40DA6-26CE-4894-83CB-F2E448092D87}.Debug|x86.Build.0 = Debug|Win32
		{2AB40DA6-26CE-4894-83CB-F2E448092D87}.Release|ARM64.ActiveCfg = Release|ARM64
		{2AB40DA6-26CE-4894-83CB-F2E448092D87}.Release|ARM64.Build.0 = Release|ARM64
		{2AB40DA6-26CE-4894-83CB-F2E448092D87}.Release|x64.ActiveCfg = Release|x64
		{2AB40DA6-26CE-4894-83CB-F2E448092D87}.Release|x64.Build.0 = Release|x64
		{2AB40DA6-26CE-4894-83CB-F2E448092D87}.Release|x86.ActiveCfg = Release|Win32
		{2AB40DA6-26CE-4894-83CB-F2E448092D87}.Release|x86.Build.0 = Release|Win32
		{A162BC96-AD58-44B9-9CA0-D92CDC73423E}.Debug|ARM64.ActiveCfg = Debug|ARM64
		{A162BC96-AD58-44B9-9CA0-D92CDC73423E}.Debug|ARM64.Build.0 = Debug|ARM64
		{A162BC96-AD58-44B9-9CA0-D92CDC73423E}.Debug|x64.ActiveCfg = Debug|x64
		{A162BC96-AD58-44B9-9CA0-D92CDC73423E}.Debug|x64.Build.0 = Debug|x64
		{A162BC96-AD58-44B9-9CA0-D92CDC73423E}.Debug|x86.ActiveCfg = Debug|Win32
		{A162BC96-AD58-44B9-9CA0-D92CDC73423E}.Debug|x86.Build.0 = Debug|Win32
		{A162BC96-AD58-44B9-9CA0-D92CDC73423E}.Release|ARM64.ActiveCfg = Release|ARM64
		{A162BC96-AD58-44B9-9CA0-D92CDC73423E}.Release|ARM64.Build.0 = Release|ARM64
		{A162BC96-AD58-44B9-9CA0-D92CDC73423E}.Release|x64.ActiveCfg = Release|x64
		{A162BC96-AD58-44B9-9CA0-D92CDC73423E}.Release|x64.Build.0 = Release|x64
		{A162BC96-AD58-44B9-9CA0-D92CDC73423E}.Release|x86.ActiveCfg = Release|Win32
		{A162BC96-AD58-44B9-9CA0-D92CDC73423E}.Release|x86.Build.0 = Release|Win32
		{B91ACF6F-3465-4F4C-B78B-7F7103E420C9}.Debug|ARM64.ActiveCfg = Debug|ARM64
		{B91ACF6F-3465-4F4C-B78B-7F7103E420C9}.Debug|ARM64.Build.0 = Debug|ARM64
		{B91ACF6F-3465-4F4C-B78B-7F7103E420C9}.Debug|x64.ActiveCfg = Debug|x64
		{B91ACF6F-3465-4F4C-B78B-7F7103E420C9}.Debug|x64.Build.0 = Debug|x64
		{B91ACF6F-3465-4F4C-B78B-7F7103E420C9}.Debug|x86.ActiveCfg = Debug|Win32
		{B91ACF6F-3465-4F4C-B78B-7F7103E420C9}.Debug|x86.Build.0 = Debug|Win32
		{B91ACF6F-3465-4F4C-B78B-7F7103E420C9}.Release|ARM64.ActiveCfg = Release|ARM64
		{B91ACF6F-3465-4F4C-B78B-7F7103E420C9}.Release|ARM64.Build.0 = Release|ARM64
		{B91ACF6F-3465-4F4C-B78B-7F7103E420C9}.Release|x64.ActiveCfg = Release|x64
		{B91ACF6F-3465-4F4C-B78B-7F7103E420C9}.Release|x64.Build.0 = Release|x64
		{B91ACF6F-3465-4F4C-B78B-7F7103E420C9}.Release|x86.ActiveCfg = Release|Win32
		{B91ACF6F-3465-4F4C-B78B-7F7103E420C9}.Release|x86.Build.0 = Release|Win32
		{0BCE74FD-2F17-4B5B-9B6A-11F4F8A5913D}.Debug|ARM64.ActiveCfg = Debug|ARM64
		{0BCE74FD-2F17-4B5B-9B6A-11F4F8A5913D}.Debug|ARM64.Build.0 = Debug|ARM64
		{0BCE74FD-2F17-4B5B-9B6A-11F4F8A5913D}.Debug|x64.ActiveCfg = Debug|x64
		{0BCE74FD-2F17-4B5B-9B6A-11F4F8A5913D}.Debug|x64.Build.0 = Debug|x64
		{0BCE74FD-2F17-4B5B-9B6A-11F4F8A5913D}.Debug|x86.ActiveCfg = Debug|Win32
		{0BCE74FD-2F17-4B5B-9B6A-11F4F8A5913D}.Debug|x86.Build.0 = Debug|Win32
		{0BCE74FD-2F17-4B5B-9B6A-11F4F8A5913D}.Release|ARM64.ActiveCfg = Release|ARM64
		{0BCE74FD-2F17-4B5B-9B6A-11F4F8A5913D}.Release|ARM64.Build.0 = Release|ARM64
		{0BCE74FD-2F17-4B5B-9B6A-11F4F8A5913D}.Release|x64.ActiveCfg = Release|x64
		{0BCE74FD-2F17-4B5B-9B6A-11F4F8A5913D}.Release|x64.Build.0 = Release|x64
		{0BCE74FD-2F17-4B5B-9B6A-11F4F8A5913D}.Release|x86.ActiveCfg = Release|Win32
		{0BCE74FD-2F17-4B5B-9B6A-11F4F8A5913D}.Release|x86.Build.0 = Release|Win32
	EndGlobalSection
	GlobalSection(SolutionProperties) = preSolution
		HideSolutionNode = FALSE
	EndGlobalSection
	GlobalSection(NestedProjects) = preSolution
		{33AC49FB-4440-41C2-BA43-F04DEF82C30C} = {78428554-271D-4FFD-BAE9-9DFC0D2A1F24}
		{40460998-E5D4-4EB0-A43C-F32D71A3DD7F} = {78428554-271D-4FFD-BAE9-9DFC0D2A1F24}
		{9334095A-0927-44C9-85E8-4DBAD2F5752D} = {78428554-271D-4FFD-BAE9-9DFC0D2A1F24}
		{5C3E2DB9-982F-4AF1-9764-BEE731E2D532} = {78428554-271D-4FFD-BAE9-9DFC0D2A1F24}
		{718D4057-C666-4000-A7C6-0FC3869754E2} = {78428554-271D-4FFD-BAE9-9DFC0D2A1F24}
		{826B8A3B-F0A0-46D3-8D2C-A421A7AC9D0A} = {78428554-271D-4FFD-BAE9-9DFC0D2A1F24}
		{19E65E7E-00A1-4771-AE5E-38B1DF95D599} = {78428554-271D-4FFD-BAE9-9DFC0D2A1F24}
		{80E0E8B8-9BAD-446F-A1ED-28D8661A1E9B} = {78428554-271D-4FFD-BAE9-9DFC0D2A1F24}
		{CEFD64F6-60EF-4D83-8863-CC122F612B43} = {78428554-271D-4FFD-BAE9-9DFC0D2A1F24}
		{2AB40DA6-26CE-4894-83CB-F2E448092D87} = {78428554-271D-4FFD-BAE9-9DFC0D2A1F24}
		{A162BC96-AD58-44B9-9CA0-D92CDC73423E} = {78428554-271D-4FFD-BAE9-9DFC0D2A1F24}
		{B91ACF6F-3465-4F4C-B78B-7F7103E420C9} = {78428554-271D-4FFD-BAE9-9DFC0D2A1F24}
		{0BCE74FD-2F17-4B5B-9B6A-11F4F8A5913D} = {78428554-271D-4FFD-BAE9-9DFC0D2A1F24}
	EndGlobalSection
	GlobalSection(ExtensibilityGlobals) = postSolution
		SolutionGuid = {845C203C-CA67-46B6-9F90-952469F72177}
	EndGlobalSection
EndGlobal
